
Microsoft Visual Studio Solution File, Format Version 12.00
# Visual Studio Version 17
VisualStudioVersion = 17.7.34031.279
MinimumVisualStudioVersion = 10.0.40219.1
Project("{FAE04EC0-301F-11D3-BF4B-00C04F79EFBC}") = "LibraBase", "LibraBase\LibraBase.csproj", "{9B0CAB0E-72A1-4C5B-95B9-B76F3292E8DD}"
EndProject
Global
	GlobalSection(SolutionConfigurationPlatforms) = preSolution
		Debug|Any CPU = Debug|Any CPU
		Release|Any CPU = Release|Any CPU
	EndGlobalSection
	GlobalSection(ProjectConfigurationPlatforms) = postSolution
		{9B0CAB0E-72A1-4C5B-95B9-B76F3292E8DD}.Debug|Any CPU.ActiveCfg = Debug|Any CPU
		{9B0CAB0E-72A1-4C5B-95B9-B76F3292E8DD}.Debug|Any CPU.Build.0 = Debug|Any CPU
		{9B0CAB0E-72A1-4C5B-95B9-B76F3292E8DD}.Release|Any CPU.ActiveCfg = Release|Any CPU
		{9B0CAB0E-72A1-4C5B-95B9-B76F3292E8DD}.Release|Any CPU.Build.0 = Release|Any CPU
	EndGlobalSection
	GlobalSection(SolutionProperties) = preSolution
		HideSolutionNode = FALSE
	EndGlobalSection
	GlobalSection(ExtensibilityGlobals) = postSolution
		SolutionGuid = {32B56B1C-535C-4756-B8A6-75ACE8A5197A}
	EndGlobalSection
EndGlobal
